
Microsoft Visual Studio Solution File, Format Version 12.00
# Visual Studio Version 16
VisualStudioVersion = 16.0.32228.343
MinimumVisualStudioVersion = 10.0.40219.1
Project("{FAE04EC0-301F-11D3-BF4B-00C04F79EFBC}") = "Calculator", "Calculator\Calculator.csproj", "{FC666C90-EE9E-4A3D-8D38-E8381A56F793}"
EndProject
Global
	GlobalSection(SolutionConfigurationPlatforms) = preSolution
		Debug|Any CPU = Debug|Any CPU
		Release|Any CPU = Release|Any CPU
	EndGlobalSection
	GlobalSection(ProjectConfigurationPlatforms) = postSolution
		{FC666C90-EE9E-4A3D-8D38-E8381A56F793}.Debug|Any CPU.ActiveCfg = Debug|Any CPU
		{FC666C90-EE9E-4A3D-8D38-E8381A56F793}.Debug|Any CPU.Build.0 = Debug|Any CPU
		{FC666C90-EE9E-4A3D-8D38-E8381A56F793}.Release|Any CPU.ActiveCfg = Release|Any CPU
		{FC666C90-EE9E-4A3D-8D38-E8381A56F793}.Release|Any CPU.Build.0 = Release|Any CPU
	EndGlobalSection
	GlobalSection(SolutionProperties) = preSolution
		HideSolutionNode = FALSE
	EndGlobalSection
	GlobalSection(ExtensibilityGlobals) = postSolution
		SolutionGuid = {1BF44F11-6770-41AD-8D97-F4B29BB093AE}
	EndGlobalSection
EndGlobal
